<?xml version="1.0" encoding="utf-8"?>
<Project ToolsVersion="4.0" xmlns="http://schemas.microsoft.com/developer/msbuild/2003">
  <ItemGroup>
    <Filter Include="Source Files">
      <UniqueIdentifier>{4FC737F1-C7A5-4376-A066-2A32D752A2FF}</UniqueIdentifier>
      <Extensions>cpp;c;cc;cxx;def;odl;idl;hpj;bat;asm;asmx</Extensions>
    </Filter>
    <Filter Include="Header Files">
      <UniqueIdentifier>{93995380-89BD-4b04-88EB-625FBE52EBFB}</UniqueIdentifier>
      <Extensions>h;hh;hpp;hxx;hm;inl;inc;xsd</Extensions>
    </Filter>
    <Filter Include="Source Files\Salas">
      <UniqueIdentifier>{6ae30e42-5553-428f-828e-181e5011a305}</UniqueIdentifier>
    </Filter>
    <Filter Include="Header Files\Salas">
      <UniqueIdentifier>{44899047-4487-4201-8d2a-870588c27e3c}</UniqueIdentifier>
    </Filter>
    <Filter Include="Source Files\Unidades">
      <UniqueIdentifier>{8dca1c66-750e-4733-96eb-c488caf904f7}</UniqueIdentifier>
    </Filter>
    <Filter Include="Header Files\Unidades">
      <UniqueIdentifier>{d75bbbdb-a24b-498d-b55f-d246634fac8d}</UniqueIdentifier>
    </Filter>
    <Filter Include="Resource Files">
      <UniqueIdentifier>{67DA6AB6-F800-4c08-8B7A-83BB121AAD01}</UniqueIdentifier>
      <Extensions>rc;ico;cur;bmp;dlg;rc2;rct;bin;rgs;gif;jpg;jpeg;jpe;resx;tiff;tif;png;wav;mfcribbon-ms</Extensions>
    </Filter>
    <Filter Include="Header Files\Graficos">
      <UniqueIdentifier>{a210de98-b887-4dd7-ac0c-6332f6eb65ca}</UniqueIdentifier>
    </Filter>
    <Filter Include="Source Files\Graficos">
      <UniqueIdentifier>{a3fea246-00b4-4506-8541-4da124fcc62d}</UniqueIdentifier>
    </Filter>
  </ItemGroup>
  <ItemGroup>
    <ClCompile Include="Nave.cpp">
      <Filter>Source Files</Filter>
    </ClCompile>
    <ClCompile Include="Sala.cpp">
      <Filter>Source Files\Salas</Filter>
    </ClCompile>
    <ClCompile Include="Unidade.cpp">
      <Filter>Source Files\Unidades</Filter>
    </ClCompile>
    <ClCompile Include="Escudo.cpp">
      <Filter>Source Files\Salas</Filter>
    </ClCompile>
    <ClCompile Include="Beliche.cpp">
      <Filter>Source Files\Salas</Filter>
    </ClCompile>
    <ClCompile Include="Maquina.cpp">
      <Filter>Source Files\Salas</Filter>
    </ClCompile>
    <ClCompile Include="Ponte.cpp">
      <Filter>Source Files\Salas</Filter>
    </ClCompile>
    <ClCompile Include="Propulsor.cpp">
      <Filter>Source Files\Salas</Filter>
    </ClCompile>
    <ClCompile Include="Vida.cpp">
      <Filter>Source Files\Salas</Filter>
    </ClCompile>
    <ClCompile Include="Robo.cpp">
      <Filter>Source Files\Unidades</Filter>
    </ClCompile>
    <ClCompile Include="Red.cpp">
      <Filter>Source Files\Unidades</Filter>
    </ClCompile>
    <ClCompile Include="Capitao.cpp">
      <Filter>Source Files\Unidades</Filter>
    </ClCompile>
    <ClCompile Include="Consola.cpp">
      <Filter>Source Files\Graficos</Filter>
    </ClCompile>
    <ClCompile Include="Jogo.cpp">
      <Filter>Source Files</Filter>
    </ClCompile>
    <ClCompile Include="Main.cpp">
      <Filter>Source Files</Filter>
    </ClCompile>
    <ClCompile Include="Comando.cpp">
      <Filter>Source Files</Filter>
    </ClCompile>
    <ClCompile Include="UserInterface.cpp">
      <Filter>Source Files</Filter>
    </ClCompile>
    <ClCompile Include="Desenho.cpp">
      <Filter>Source Files\Graficos</Filter>
    </ClCompile>
  </ItemGroup>
  <ItemGroup>
    <ClInclude Include="Nave.h">
      <Filter>Header Files</Filter>
    </ClInclude>
    <ClInclude Include="Sala.h">
      <Filter>Header Files\Salas</Filter>
    </ClInclude>
    <ClInclude Include="Unidade.h">
      <Filter>Header Files\Unidades</Filter>
    </ClInclude>
    <ClInclude Include="Escudo.h">
      <Filter>Header Files\Salas</Filter>
    </ClInclude>
    <ClInclude Include="Beliche.h">
      <Filter>Header Files\Salas</Filter>
    </ClInclude>
    <ClInclude Include="Maquina.h">
      <Filter>Header Files\Salas</Filter>
    </ClInclude>
    <ClInclude Include="Ponte.h">
      <Filter>Header Files\Salas</Filter>
    </ClInclude>
    <ClInclude Include="Propulsor.h">
      <Filter>Header Files\Salas</Filter>
    </ClInclude>
    <ClInclude Include="Vida.h">
      <Filter>Header Files\Salas</Filter>
    </ClInclude>
    <ClInclude Include="Capitao.h">
      <Filter>Header Files\Unidades</Filter>
    </ClInclude>
    <ClInclude Include="Red.h">
      <Filter>Header Files\Unidades</Filter>
    </ClInclude>
    <ClInclude Include="Robo.h">
      <Filter>Header Files\Unidades</Filter>
    </ClInclude>
    <ClInclude Include="Desenho.h">
      <Filter>Header Files\Graficos</Filter>
    </ClInclude>
    <ClInclude Include="Comando.h">
      <Filter>Header Files</Filter>
    </ClInclude>
    <ClInclude Include="Consola.h">
      <Filter>Header Files\Graficos</Filter>
    </ClInclude>
    <ClInclude Include="Jogo.h">
      <Filter>Header Files</Filter>
    </ClInclude>
    <ClInclude Include="UserInterface.h">
      <Filter>Header Files</Filter>
    </ClInclude>
  </ItemGroup>
</Project>